# This file is automatically @generated by Cargo.
# It is not intended for manual editing.
version = 4

[[package]]
name = "helper"
version = "0.1.0"
dependencies = [
 "thing",
]

[[package]]
name = "iznik-protocol"
version = "0.1.0"
dependencies = [
 "helper",
 "thing",
]

[[package]]
name = "thing"
version = "0.1.0"
